
Microsoft Visual Studio Solution File, Format Version 12.00
# Visual Studio Version 17
VisualStudioVersion = 17.2.32630.192
MinimumVisualStudioVersion = 10.0.40219.1
Project("{FAE04EC0-301F-11D3-BF4B-00C04F79EFBC}") = "ConsoleApp1", "ConsoleApp1\ConsoleApp1.csproj", "{C660CC34-6C4B-4DA4-95EF-E3FFE486DE56}"
EndProject
Global
	GlobalSection(SolutionConfigurationPlatforms) = preSolution
		Debug|Any CPU = Debug|Any CPU
		Release|Any CPU = Release|Any CPU
	EndGlobalSection
	GlobalSection(ProjectConfigurationPlatforms) = postSolution
		{C660CC34-6C4B-4DA4-95EF-E3FFE486DE56}.Debug|Any CPU.ActiveCfg = Debug|Any CPU
		{C660CC34-6C4B-4DA4-95EF-E3FFE486DE56}.Debug|Any CPU.Build.0 = Debug|Any CPU
		{C660CC34-6C4B-4DA4-95EF-E3FFE486DE56}.Release|Any CPU.ActiveCfg = Release|Any CPU
		{C660CC34-6C4B-4DA4-95EF-E3FFE486DE56}.Release|Any CPU.Build.0 = Release|Any CPU
	EndGlobalSection
	GlobalSection(SolutionProperties) = preSolution
		HideSolutionNode = FALSE
	EndGlobalSection
	GlobalSection(ExtensibilityGlobals) = postSolution
		SolutionGuid = {025699E9-5815-4018-95E5-1B5E35894A73}
	EndGlobalSection
EndGlobal
